
Microsoft Visual Studio Solution File, Format Version 12.00
# Visual Studio 14
VisualStudioVersion = 14.0.25420.1
MinimumVisualStudioVersion = 10.0.40219.1
Project("{FAE04EC0-301F-11D3-BF4B-00C04F79EFBC}") = "YnvoiceLab", "YnvoiceLab\YnvoiceLab.csproj", "{222CC4EB-8B56-4EE1-811A-D21857C7AC22}"
EndProject
Project("{FAE04EC0-301F-11D3-BF4B-00C04F79EFBC}") = "YnvoiceLab.Tests", "YnvoiceLab.Tests\YnvoiceLab.Tests.csproj", "{1396CEC9-936C-4227-B212-ACB5775FF73A}"
EndProject
Global
	GlobalSection(SolutionConfigurationPlatforms) = preSolution
		Debug|Any CPU = Debug|Any CPU
		Release|Any CPU = Release|Any CPU
	EndGlobalSection
	GlobalSection(ProjectConfigurationPlatforms) = postSolution
		{222CC4EB-8B56-4EE1-811A-D21857C7AC22}.Debug|Any CPU.ActiveCfg = Debug|Any CPU
		{222CC4EB-8B56-4EE1-811A-D21857C7AC22}.Debug|Any CPU.Build.0 = Debug|Any CPU
		{222CC4EB-8B56-4EE1-811A-D21857C7AC22}.Release|Any CPU.ActiveCfg = Release|Any CPU
		{222CC4EB-8B56-4EE1-811A-D21857C7AC22}.Release|Any CPU.Build.0 = Release|Any CPU
		{1396CEC9-936C-4227-B212-ACB5775FF73A}.Debug|Any CPU.ActiveCfg = Debug|Any CPU
		{1396CEC9-936C-4227-B212-ACB5775FF73A}.Debug|Any CPU.Build.0 = Debug|Any CPU
		{1396CEC9-936C-4227-B212-ACB5775FF73A}.Release|Any CPU.ActiveCfg = Release|Any CPU
		{1396CEC9-936C-4227-B212-ACB5775FF73A}.Release|Any CPU.Build.0 = Release|Any CPU
	EndGlobalSection
	GlobalSection(SolutionProperties) = preSolution
		HideSolutionNode = FALSE
	EndGlobalSection
EndGlobal
